
Microsoft Visual Studio Solution File, Format Version 12.00
# Visual Studio Version 17
VisualStudioVersion = 17.13.35806.99 d17.13
MinimumVisualStudioVersion = 10.0.40219.1
Project("{FAE04EC0-301F-11D3-BF4B-00C04F79EFBC}") = "EF_Core_Updating_Related_Data", "EF_Core_Updating_Related_Data\EF_Core_Updating_Related_Data.csproj", "{08002DD5-65C1-49C6-BDB6-86DA18FE8117}"
EndProject
Global
	GlobalSection(SolutionConfigurationPlatforms) = preSolution
		Debug|Any CPU = Debug|Any CPU
		Release|Any CPU = Release|Any CPU
	EndGlobalSection
	GlobalSection(ProjectConfigurationPlatforms) = postSolution
		{08002DD5-65C1-49C6-BDB6-86DA18FE8117}.Debug|Any CPU.ActiveCfg = Debug|Any CPU
		{08002DD5-65C1-49C6-BDB6-86DA18FE8117}.Debug|Any CPU.Build.0 = Debug|Any CPU
		{08002DD5-65C1-49C6-BDB6-86DA18FE8117}.Release|Any CPU.ActiveCfg = Release|Any CPU
		{08002DD5-65C1-49C6-BDB6-86DA18FE8117}.Release|Any CPU.Build.0 = Release|Any CPU
	EndGlobalSection
	GlobalSection(SolutionProperties) = preSolution
		HideSolutionNode = FALSE
	EndGlobalSection
	GlobalSection(ExtensibilityGlobals) = postSolution
		SolutionGuid = {505A9A9D-CDC8-4737-9D23-CBC4B77C1832}
	EndGlobalSection
EndGlobal
